
Microsoft Visual Studio Solution File, Format Version 12.00
# Visual Studio Version 16
VisualStudioVersion = 16.0.31410.357
MinimumVisualStudioVersion = 10.0.40219.1
Project("{8BC9CEB8-8B4A-11D0-8D11-00A0C91BC942}") = "01 - 1", "1 - 1\1 - 1.vcxproj", "{7BF488A5-BAEB-4C41-881D-D96A739B5724}"
EndProject
Project("{8BC9CEB8-8B4A-11D0-8D11-00A0C91BC942}") = "01 - 2", "1 - 2\1 - 2.vcxproj", "{ABD46CD3-E9A4-4A7E-9AAA-C3454831752F}"
EndProject
Project("{8BC9CEB8-8B4A-11D0-8D11-00A0C91BC942}") = "02 - 1 - Registros", "2 - 1 - Registros\2 - 1 - Registros.vcxproj", "{82545048-2FE8-4308-AC61-81A403E87510}"
EndProject
Project("{8BC9CEB8-8B4A-11D0-8D11-00A0C91BC942}") = "03 - 1 - Registros 32 y 64 bits", "3 - 1 - Registros 32 y 64 bits\3 - 1 - Registros 32 y 64 bits.vcxproj", "{3E290091-702F-4D15-8CF5-580BCDEE62B4}"
EndProject
Project("{8BC9CEB8-8B4A-11D0-8D11-00A0C91BC942}") = "04 - 1 - Tipos de dato", "4 - 1 - Tipos de dato\4 - 1 - Tipos de dato.vcxproj", "{C08AC758-D82D-43AA-A1B7-4A91CCF524ED}"
EndProject
Project("{8BC9CEB8-8B4A-11D0-8D11-00A0C91BC942}") = "05 - 1 - MOV", "5 - 1 - MOV y LEA\5 - 1 - MOV y LEA.vcxproj", "{B33DB241-6CEE-4346-8A16-7707AAA01B92}"
EndProject
Project("{8BC9CEB8-8B4A-11D0-8D11-00A0C91BC942}") = "05 - 2 - LEA", "5 - 2 - LEA\5 - 2 - LEA.vcxproj", "{4C185886-158D-4815-8959-4C3B94343A22}"
EndProject
Project("{8BC9CEB8-8B4A-11D0-8D11-00A0C91BC942}") = "06 - 1 - Aritmética simple", "6 - 1 - Aritmética simple\6 - 1 - Aritmética simple.vcxproj", "{587B7949-5290-4412-89B0-A3496A8B19CB}"
EndProject
Project("{8BC9CEB8-8B4A-11D0-8D11-00A0C91BC942}") = "07 - 1 - Booleans", "7 - 1 - Booleans\7 - 1 - Booleans.vcxproj", "{98601A95-CBE1-49D9-980B-E6E9B4709C51}"
EndProject
Project("{8BC9CEB8-8B4A-11D0-8D11-00A0C91BC942}") = "08 - 1 - Shift", "8 - 1 - Shift, rotate, manipulación de bits\8 - 1 - Shift, rotate, manipulación de bits.vcxproj", "{332CDBAB-2FEC-4F8E-B761-B3A0A136B0D2}"
EndProject
Project("{8BC9CEB8-8B4A-11D0-8D11-00A0C91BC942}") = "08 - 2 - Rotate", "8 - 2 - Rotate\8 - 2 - Rotate.vcxproj", "{A064C32E-EA37-4F77-99BF-0F0844EF7C4A}"
EndProject
Project("{8BC9CEB8-8B4A-11D0-8D11-00A0C91BC942}") = "09 - 1 - rFlags", "9 - 1 - rFlags\9 - 1 - rFlags.vcxproj", "{06E70AC0-7ADB-48CE-85FE-3126D77D6CC6}"
EndProject
Project("{8BC9CEB8-8B4A-11D0-8D11-00A0C91BC942}") = "10 - 1 - Conditional Jumps", "10 - Conditional Jumps\10 - Conditional Jumps.vcxproj", "{569E3202-9C62-4B31-9D1F-9656841E4C22}"
EndProject
Project("{8BC9CEB8-8B4A-11D0-8D11-00A0C91BC942}") = "11 - 1 - DIV y IDIV", "11 - 1 - DIV\11 - 1 - DIV.vcxproj", "{6651734A-2113-4247-8B3E-23AF4413CD93}"
EndProject
Project("{8BC9CEB8-8B4A-11D0-8D11-00A0C91BC942}") = "11 - 2 - GCD (Euclid's algorithm)", "11 - 2 - GCD (Euclid's algorithm)\11 - 2 - GCD (Euclid's algorithm).vcxproj", "{D1F760B9-542D-4681-81AD-BE0BD594F356}"
EndProject
Project("{8BC9CEB8-8B4A-11D0-8D11-00A0C91BC942}") = "12 - 1 - C calling conventions", "12 - 1 - C calling conventions\12 - 1 - C calling conventions.vcxproj", "{0B639636-AE1C-4E6A-9549-D70E38402581}"
EndProject
Project("{8BC9CEB8-8B4A-11D0-8D11-00A0C91BC942}") = "13 - 1 - If", "13 - 1 - Loops\13 - 1 - Loops.vcxproj", "{8EEC0675-81A3-4383-A3E1-1480E3D4ACE8}"
EndProject
Project("{8BC9CEB8-8B4A-11D0-8D11-00A0C91BC942}") = "13 - 2 - While", "13 - 2 - While\13 - 2 - While.vcxproj", "{182A436B-206A-4902-A165-7E7962506029}"
EndProject
Project("{8BC9CEB8-8B4A-11D0-8D11-00A0C91BC942}") = "14 - 1 - Estructuras", "14 - 1 - Estructuras\14 - 1 - Estructuras.vcxproj", "{71F88FC6-AEAA-40C4-99B9-7BEB2CCB2809}"
EndProject
Project("{8BC9CEB8-8B4A-11D0-8D11-00A0C91BC942}") = "15 - 1 - SIMD", "15 - 1 - SIMD\15 - 1 - SIMD.vcxproj", "{ED8FC0B4-3D2E-4F86-8C06-EED9DE47DF9F}"
EndProject
Global
	GlobalSection(SolutionConfigurationPlatforms) = preSolution
		Debug|x64 = Debug|x64
		Debug|x86 = Debug|x86
		Release|x64 = Release|x64
		Release|x86 = Release|x86
	EndGlobalSection
	GlobalSection(ProjectConfigurationPlatforms) = postSolution
		{7BF488A5-BAEB-4C41-881D-D96A739B5724}.Debug|x64.ActiveCfg = Debug|x64
		{7BF488A5-BAEB-4C41-881D-D96A739B5724}.Debug|x64.Build.0 = Debug|x64
		{7BF488A5-BAEB-4C41-881D-D96A739B5724}.Debug|x86.ActiveCfg = Debug|Win32
		{7BF488A5-BAEB-4C41-881D-D96A739B5724}.Debug|x86.Build.0 = Debug|Win32
		{7BF488A5-BAEB-4C41-881D-D96A739B5724}.Release|x64.ActiveCfg = Release|x64
		{7BF488A5-BAEB-4C41-881D-D96A739B5724}.Release|x64.Build.0 = Release|x64
		{7BF488A5-BAEB-4C41-881D-D96A739B5724}.Release|x86.ActiveCfg = Release|Win32
		{7BF488A5-BAEB-4C41-881D-D96A739B5724}.Release|x86.Build.0 = Release|Win32
		{ABD46CD3-E9A4-4A7E-9AAA-C3454831752F}.Debug|x64.ActiveCfg = Debug|x64
		{ABD46CD3-E9A4-4A7E-9AAA-C3454831752F}.Debug|x64.Build.0 = Debug|x64
		{ABD46CD3-E9A4-4A7E-9AAA-C3454831752F}.Debug|x86.ActiveCfg = Debug|Win32
		{ABD46CD3-E9A4-4A7E-9AAA-C3454831752F}.Debug|x86.Build.0 = Debug|Win32
		{ABD46CD3-E9A4-4A7E-9AAA-C3454831752F}.Release|x64.ActiveCfg = Release|x64
		{ABD46CD3-E9A4-4A7E-9AAA-C3454831752F}.Release|x64.Build.0 = Release|x64
		{ABD46CD3-E9A4-4A7E-9AAA-C3454831752F}.Release|x86.ActiveCfg = Release|Win32
		{ABD46CD3-E9A4-4A7E-9AAA-C3454831752F}.Release|x86.Build.0 = Release|Win32
		{82545048-2FE8-4308-AC61-81A403E87510}.Debug|x64.ActiveCfg = Debug|x64
		{82545048-2FE8-4308-AC61-81A403E87510}.Debug|x64.Build.0 = Debug|x64
		{82545048-2FE8-4308-AC61-81A403E87510}.Debug|x86.ActiveCfg = Debug|Win32
		{82545048-2FE8-4308-AC61-81A403E87510}.Debug|x86.Build.0 = Debug|Win32
		{82545048-2FE8-4308-AC61-81A403E87510}.Release|x64.ActiveCfg = Release|x64
		{82545048-2FE8-4308-AC61-81A403E87510}.Release|x64.Build.0 = Release|x64
		{82545048-2FE8-4308-AC61-81A403E87510}.Release|x86.ActiveCfg = Release|Win32
		{82545048-2FE8-4308-AC61-81A403E87510}.Release|x86.Build.0 = Release|Win32
		{3E290091-702F-4D15-8CF5-580BCDEE62B4}.Debug|x64.ActiveCfg = Debug|x64
		{3E290091-702F-4D15-8CF5-580BCDEE62B4}.Debug|x64.Build.0 = Debug|x64
		{3E290091-702F-4D15-8CF5-580BCDEE62B4}.Debug|x86.ActiveCfg = Debug|Win32
		{3E290091-702F-4D15-8CF5-580BCDEE62B4}.Debug|x86.Build.0 = Debug|Win32
		{3E290091-702F-4D15-8CF5-580BCDEE62B4}.Release|x64.ActiveCfg = Release|x64
		{3E290091-702F-4D15-8CF5-580BCDEE62B4}.Release|x64.Build.0 = Release|x64
		{3E290091-702F-4D15-8CF5-580BCDEE62B4}.Release|x86.ActiveCfg = Release|Win32
		{3E290091-702F-4D15-8CF5-580BCDEE62B4}.Release|x86.Build.0 = Release|Win32
		{C08AC758-D82D-43AA-A1B7-4A91CCF524ED}.Debug|x64.ActiveCfg = Debug|x64
		{C08AC758-D82D-43AA-A1B7-4A91CCF524ED}.Debug|x64.Build.0 = Debug|x64
		{C08AC758-D82D-43AA-A1B7-4A91CCF524ED}.Debug|x86.ActiveCfg = Debug|Win32
		{C08AC758-D82D-43AA-A1B7-4A91CCF524ED}.Debug|x86.Build.0 = Debug|Win32
		{C08AC758-D82D-43AA-A1B7-4A91CCF524ED}.Release|x64.ActiveCfg = Release|x64
		{C08AC758-D82D-43AA-A1B7-4A91CCF524ED}.Release|x64.Build.0 = Release|x64
		{C08AC758-D82D-43AA-A1B7-4A91CCF524ED}.Release|x86.ActiveCfg = Release|Win32
		{C08AC758-D82D-43AA-A1B7-4A91CCF524ED}.Release|x86.Build.0 = Release|Win32
		{B33DB241-6CEE-4346-8A16-7707AAA01B92}.Debug|x64.ActiveCfg = Debug|x64
		{B33DB241-6CEE-4346-8A16-7707AAA01B92}.Debug|x64.Build.0 = Debug|x64
		{B33DB241-6CEE-4346-8A16-7707AAA01B92}.Debug|x86.ActiveCfg = Debug|Win32
		{B33DB241-6CEE-4346-8A16-7707AAA01B92}.Debug|x86.Build.0 = Debug|Win32
		{B33DB241-6CEE-4346-8A16-7707AAA01B92}.Release|x64.ActiveCfg = Release|x64
		{B33DB241-6CEE-4346-8A16-7707AAA01B92}.Release|x64.Build.0 = Release|x64
		{B33DB241-6CEE-4346-8A16-7707AAA01B92}.Release|x86.ActiveCfg = Release|Win32
		{B33DB241-6CEE-4346-8A16-7707AAA01B92}.Release|x86.Build.0 = Release|Win32
		{4C185886-158D-4815-8959-4C3B94343A22}.Debug|x64.ActiveCfg = Debug|x64
		{4C185886-158D-4815-8959-4C3B94343A22}.Debug|x64.Build.0 = Debug|x64
		{4C185886-158D-4815-8959-4C3B94343A22}.Debug|x86.ActiveCfg = Debug|Win32
		{4C185886-158D-4815-8959-4C3B94343A22}.Debug|x86.Build.0 = Debug|Win32
		{4C185886-158D-4815-8959-4C3B94343A22}.Release|x64.ActiveCfg = Release|x64
		{4C185886-158D-4815-8959-4C3B94343A22}.Release|x64.Build.0 = Release|x64
		{4C185886-158D-4815-8959-4C3B94343A22}.Release|x86.ActiveCfg = Release|Win32
		{4C185886-158D-4815-8959-4C3B94343A22}.Release|x86.Build.0 = Release|Win32
		{587B7949-5290-4412-89B0-A3496A8B19CB}.Debug|x64.ActiveCfg = Debug|x64
		{587B7949-5290-4412-89B0-A3496A8B19CB}.Debug|x64.Build.0 = Debug|x64
		{587B7949-5290-4412-89B0-A3496A8B19CB}.Debug|x86.ActiveCfg = Debug|Win32
		{587B7949-5290-4412-89B0-A3496A8B19CB}.Debug|x86.Build.0 = Debug|Win32
		{587B7949-5290-4412-89B0-A3496A8B19CB}.Release|x64.ActiveCfg = Release|x64
		{587B7949-5290-4412-89B0-A3496A8B19CB}.Release|x64.Build.0 = Release|x64
		{587B7949-5290-4412-89B0-A3496A8B19CB}.Release|x86.ActiveCfg = Release|Win32
		{587B7949-5290-4412-89B0-A3496A8B19CB}.Release|x86.Build.0 = Release|Win32
		{98601A95-CBE1-49D9-980B-E6E9B4709C51}.Debug|x64.ActiveCfg = Debug|x64
		{98601A95-CBE1-49D9-980B-E6E9B4709C51}.Debug|x64.Build.0 = Debug|x64
		{98601A95-CBE1-49D9-980B-E6E9B4709C51}.Debug|x86.ActiveCfg = Debug|Win32
		{98601A95-CBE1-49D9-980B-E6E9B4709C51}.Debug|x86.Build.0 = Debug|Win32
		{98601A95-CBE1-49D9-980B-E6E9B4709C51}.Release|x64.ActiveCfg = Release|x64
		{98601A95-CBE1-49D9-980B-E6E9B4709C51}.Release|x64.Build.0 = Release|x64
		{98601A95-CBE1-49D9-980B-E6E9B4709C51}.Release|x86.ActiveCfg = Release|Win32
		{98601A95-CBE1-49D9-980B-E6E9B4709C51}.Release|x86.Build.0 = Release|Win32
		{332CDBAB-2FEC-4F8E-B761-B3A0A136B0D2}.Debug|x64.ActiveCfg = Debug|x64
		{332CDBAB-2FEC-4F8E-B761-B3A0A136B0D2}.Debug|x64.Build.0 = Debug|x64
		{332CDBAB-2FEC-4F8E-B761-B3A0A136B0D2}.Debug|x86.ActiveCfg = Debug|Win32
		{332CDBAB-2FEC-4F8E-B761-B3A0A136B0D2}.Debug|x86.Build.0 = Debug|Win32
		{332CDBAB-2FEC-4F8E-B761-B3A0A136B0D2}.Release|x64.ActiveCfg = Release|x64
		{332CDBAB-2FEC-4F8E-B761-B3A0A136B0D2}.Release|x64.Build.0 = Release|x64
		{332CDBAB-2FEC-4F8E-B761-B3A0A136B0D2}.Release|x86.ActiveCfg = Release|Win32
		{332CDBAB-2FEC-4F8E-B761-B3A0A136B0D2}.Release|x86.Build.0 = Release|Win32
		{A064C32E-EA37-4F77-99BF-0F0844EF7C4A}.Debug|x64.ActiveCfg = Debug|x64
		{A064C32E-EA37-4F77-99BF-0F0844EF7C4A}.Debug|x64.Build.0 = Debug|x64
		{A064C32E-EA37-4F77-99BF-0F0844EF7C4A}.Debug|x86.ActiveCfg = Debug|Win32
		{A064C32E-EA37-4F77-99BF-0F0844EF7C4A}.Debug|x86.Build.0 = Debug|Win32
		{A064C32E-EA37-4F77-99BF-0F0844EF7C4A}.Release|x64.ActiveCfg = Release|x64
		{A064C32E-EA37-4F77-99BF-0F0844EF7C4A}.Release|x64.Build.0 = Release|x64
		{A064C32E-EA37-4F77-99BF-0F0844EF7C4A}.Release|x86.ActiveCfg = Release|Win32
		{A064C32E-EA37-4F77-99BF-0F0844EF7C4A}.Release|x86.Build.0 = Release|Win32
		{06E70AC0-7ADB-48CE-85FE-3126D77D6CC6}.Debug|x64.ActiveCfg = Debug|x64
		{06E70AC0-7ADB-48CE-85FE-3126D77D6CC6}.Debug|x64.Build.0 = Debug|x64
		{06E70AC0-7ADB-48CE-85FE-3126D77D6CC6}.Debug|x86.ActiveCfg = Debug|Win32
		{06E70AC0-7ADB-48CE-85FE-3126D77D6CC6}.Debug|x86.Build.0 = Debug|Win32
		{06E70AC0-7ADB-48CE-85FE-3126D77D6CC6}.Release|x64.ActiveCfg = Release|x64
		{06E70AC0-7ADB-48CE-85FE-3126D77D6CC6}.Release|x64.Build.0 = Release|x64
		{06E70AC0-7ADB-48CE-85FE-3126D77D6CC6}.Release|x86.ActiveCfg = Release|Win32
		{06E70AC0-7ADB-48CE-85FE-3126D77D6CC6}.Release|x86.Build.0 = Release|Win32
		{569E3202-9C62-4B31-9D1F-9656841E4C22}.Debug|x64.ActiveCfg = Debug|x64
		{569E3202-9C62-4B31-9D1F-9656841E4C22}.Debug|x64.Build.0 = Debug|x64
		{569E3202-9C62-4B31-9D1F-9656841E4C22}.Debug|x86.ActiveCfg = Debug|Win32
		{569E3202-9C62-4B31-9D1F-9656841E4C22}.Debug|x86.Build.0 = Debug|Win32
		{569E3202-9C62-4B31-9D1F-9656841E4C22}.Release|x64.ActiveCfg = Release|x64
		{569E3202-9C62-4B31-9D1F-9656841E4C22}.Release|x64.Build.0 = Release|x64
		{569E3202-9C62-4B31-9D1F-9656841E4C22}.Release|x86.ActiveCfg = Release|Win32
		{569E3202-9C62-4B31-9D1F-9656841E4C22}.Release|x86.Build.0 = Release|Win32
		{6651734A-2113-4247-8B3E-23AF4413CD93}.Debug|x64.ActiveCfg = Debug|x64
		{6651734A-2113-4247-8B3E-23AF4413CD93}.Debug|x64.Build.0 = Debug|x64
		{6651734A-2113-4247-8B3E-23AF4413CD93}.Debug|x86.ActiveCfg = Debug|Win32
		{6651734A-2113-4247-8B3E-23AF4413CD93}.Debug|x86.Build.0 = Debug|Win32
		{6651734A-2113-4247-8B3E-23AF4413CD93}.Release|x64.ActiveCfg = Release|x64
		{6651734A-2113-4247-8B3E-23AF4413CD93}.Release|x64.Build.0 = Release|x64
		{6651734A-2113-4247-8B3E-23AF4413CD93}.Release|x86.ActiveCfg = Release|Win32
		{6651734A-2113-4247-8B3E-23AF4413CD93}.Release|x86.Build.0 = Release|Win32
		{D1F760B9-542D-4681-81AD-BE0BD594F356}.Debug|x64.ActiveCfg = Debug|x64
		{D1F760B9-542D-4681-81AD-BE0BD594F356}.Debug|x64.Build.0 = Debug|x64
		{D1F760B9-542D-4681-81AD-BE0BD594F356}.Debug|x86.ActiveCfg = Debug|Win32
		{D1F760B9-542D-4681-81AD-BE0BD594F356}.Debug|x86.Build.0 = Debug|Win32
		{D1F760B9-542D-4681-81AD-BE0BD594F356}.Release|x64.ActiveCfg = Release|x64
		{D1F760B9-542D-4681-81AD-BE0BD594F356}.Release|x64.Build.0 = Release|x64
		{D1F760B9-542D-4681-81AD-BE0BD594F356}.Release|x86.ActiveCfg = Release|Win32
		{D1F760B9-542D-4681-81AD-BE0BD594F356}.Release|x86.Build.0 = Release|Win32
		{0B639636-AE1C-4E6A-9549-D70E38402581}.Debug|x64.ActiveCfg = Debug|x64
		{0B639636-AE1C-4E6A-9549-D70E38402581}.Debug|x64.Build.0 = Debug|x64
		{0B639636-AE1C-4E6A-9549-D70E38402581}.Debug|x86.ActiveCfg = Debug|Win32
		{0B639636-AE1C-4E6A-9549-D70E38402581}.Debug|x86.Build.0 = Debug|Win32
		{0B639636-AE1C-4E6A-9549-D70E38402581}.Release|x64.ActiveCfg = Release|x64
		{0B639636-AE1C-4E6A-9549-D70E38402581}.Release|x64.Build.0 = Release|x64
		{0B639636-AE1C-4E6A-9549-D70E38402581}.Release|x86.ActiveCfg = Release|Win32
		{0B639636-AE1C-4E6A-9549-D70E38402581}.Release|x86.Build.0 = Release|Win32
		{8EEC0675-81A3-4383-A3E1-1480E3D4ACE8}.Debug|x64.ActiveCfg = Debug|x64
		{8EEC0675-81A3-4383-A3E1-1480E3D4ACE8}.Debug|x64.Build.0 = Debug|x64
		{8EEC0675-81A3-4383-A3E1-1480E3D4ACE8}.Debug|x86.ActiveCfg = Debug|Win32
		{8EEC0675-81A3-4383-A3E1-1480E3D4ACE8}.Debug|x86.Build.0 = Debug|Win32
		{8EEC0675-81A3-4383-A3E1-1480E3D4ACE8}.Release|x64.ActiveCfg = Release|x64
		{8EEC0675-81A3-4383-A3E1-1480E3D4ACE8}.Release|x64.Build.0 = Release|x64
		{8EEC0675-81A3-4383-A3E1-1480E3D4ACE8}.Release|x86.ActiveCfg = Release|Win32
		{8EEC0675-81A3-4383-A3E1-1480E3D4ACE8}.Release|x86.Build.0 = Release|Win32
		{182A436B-206A-4902-A165-7E7962506029}.Debug|x64.ActiveCfg = Debug|x64
		{182A436B-206A-4902-A165-7E7962506029}.Debug|x64.Build.0 = Debug|x64
		{182A436B-206A-4902-A165-7E7962506029}.Debug|x86.ActiveCfg = Debug|Win32
		{182A436B-206A-4902-A165-7E7962506029}.Debug|x86.Build.0 = Debug|Win32
		{182A436B-206A-4902-A165-7E7962506029}.Release|x64.ActiveCfg = Release|x64
		{182A436B-206A-4902-A165-7E7962506029}.Release|x64.Build.0 = Release|x64
		{182A436B-206A-4902-A165-7E7962506029}.Release|x86.ActiveCfg = Release|Win32
		{182A436B-206A-4902-A165-7E7962506029}.Release|x86.Build.0 = Release|Win32
		{71F88FC6-AEAA-40C4-99B9-7BEB2CCB2809}.Debug|x64.ActiveCfg = Debug|x64
		{71F88FC6-AEAA-40C4-99B9-7BEB2CCB2809}.Debug|x64.Build.0 = Debug|x64
		{71F88FC6-AEAA-40C4-99B9-7BEB2CCB2809}.Debug|x86.ActiveCfg = Debug|Win32
		{71F88FC6-AEAA-40C4-99B9-7BEB2CCB2809}.Debug|x86.Build.0 = Debug|Win32
		{71F88FC6-AEAA-40C4-99B9-7BEB2CCB2809}.Release|x64.ActiveCfg = Release|x64
		{71F88FC6-AEAA-40C4-99B9-7BEB2CCB2809}.Release|x64.Build.0 = Release|x64
		{71F88FC6-AEAA-40C4-99B9-7BEB2CCB2809}.Release|x86.ActiveCfg = Release|Win32
		{71F88FC6-AEAA-40C4-99B9-7BEB2CCB2809}.Release|x86.Build.0 = Release|Win32
		{ED8FC0B4-3D2E-4F86-8C06-EED9DE47DF9F}.Debug|x64.ActiveCfg = Debug|x64
		{ED8FC0B4-3D2E-4F86-8C06-EED9DE47DF9F}.Debug|x64.Build.0 = Debug|x64
		{ED8FC0B4-3D2E-4F86-8C06-EED9DE47DF9F}.Debug|x86.ActiveCfg = Debug|Win32
		{ED8FC0B4-3D2E-4F86-8C06-EED9DE47DF9F}.Debug|x86.Build.0 = Debug|Win32
		{ED8FC0B4-3D2E-4F86-8C06-EED9DE47DF9F}.Release|x64.ActiveCfg = Release|x64
		{ED8FC0B4-3D2E-4F86-8C06-EED9DE47DF9F}.Release|x64.Build.0 = Release|x64
		{ED8FC0B4-3D2E-4F86-8C06-EED9DE47DF9F}.Release|x86.ActiveCfg = Release|Win32
		{ED8FC0B4-3D2E-4F86-8C06-EED9DE47DF9F}.Release|x86.Build.0 = Release|Win32
	EndGlobalSection
	GlobalSection(SolutionProperties) = preSolution
		HideSolutionNode = FALSE
	EndGlobalSection
	GlobalSection(ExtensibilityGlobals) = postSolution
		SolutionGuid = {B1FDB80B-FF47-40EC-9947-CAFC5B9B0F99}
	EndGlobalSection
EndGlobal
